
Microsoft Visual Studio Solution File, Format Version 12.00
# Visual Studio 15
VisualStudioVersion = 15.0.28307.421
MinimumVisualStudioVersion = 10.0.40219.1
Project("{9A19103F-16F7-4668-BE54-9A1E7A4F7556}") = "MyMap.API", "MyMap.API\MyMap.API.csproj", "{0512A9BB-54BA-450A-A191-5F1B18B5F51E}"
EndProject
Project("{2150E333-8FDC-42A3-9474-1A3956D46DE8}") = "01.Application", "01.Application", "{3C16F805-4F72-46F9-9362-BC3A37343577}"
EndProject
Project("{2150E333-8FDC-42A3-9474-1A3956D46DE8}") = "02.Business", "02.Business", "{8B8EEA9D-A217-49C1-825C-3C0FF189D4BB}"
EndProject
Project("{9A19103F-16F7-4668-BE54-9A1E7A4F7556}") = "MyMap.Business.Model", "MyMap.Business.Model\MyMap.Business.Model.csproj", "{A7349417-B3E3-4507-83F1-E4DE9EA79D63}"
EndProject
Project("{9A19103F-16F7-4668-BE54-9A1E7A4F7556}") = "MyMap.Business", "MyMap.Business\MyMap.Business.csproj", "{F04C44CB-4A7C-4853-95A8-39663365D187}"
EndProject
Project("{2150E333-8FDC-42A3-9474-1A3956D46DE8}") = "98.Share", "98.Share", "{8BA3584B-BEF2-4E2F-B15C-97BF3D056963}"
EndProject
Project("{9A19103F-16F7-4668-BE54-9A1E7A4F7556}") = "MyMap.Lib", "MyMap.Share\MyMap.Lib.csproj", "{5CDB7812-B66C-4B05-9BD0-A0BC96D9278A}"
EndProject
Project("{2150E333-8FDC-42A3-9474-1A3956D46DE8}") = "03.Data", "03.Data", "{6274CA67-C722-4652-ACA6-AF5303B4EFE7}"
EndProject
Project("{9A19103F-16F7-4668-BE54-9A1E7A4F7556}") = "MyMap.DataModel", "MyMap.DataModel\MyMap.DataModel.csproj", "{50EDF95E-16AE-4DDE-AE09-07CD0DCDCC9F}"
EndProject
Project("{9A19103F-16F7-4668-BE54-9A1E7A4F7556}") = "MyMap.Domain", "MyMap.DataModel.Domain\MyMap.Domain.csproj", "{FD9837AA-9435-420C-A570-3AC0B96CFBB4}"
EndProject
Project("{9A19103F-16F7-4668-BE54-9A1E7A4F7556}") = "MyMap.DataModel.Interface", "MyMap.DataModel.Interface\MyMap.DataModel.Interface.csproj", "{775228C1-B4A3-493F-893D-F004F8780044}"
EndProject
Project("{FAE04EC0-301F-11D3-BF4B-00C04F79EFBC}") = "MyMap.Business.Interface", "MyMap.Business.Interface\MyMap.Business.Interface.csproj", "{1DCF27A3-BBBF-4975-8A4D-A5681488D1C4}"
EndProject
Project("{FAE04EC0-301F-11D3-BF4B-00C04F79EFBC}") = "MyMap.Client", "MyMap.Client\MyMap.Client.csproj", "{305D9120-6C24-406E-A75D-9505293D25ED}"
EndProject
Global
	GlobalSection(SolutionConfigurationPlatforms) = preSolution
		Debug|Any CPU = Debug|Any CPU
		Release|Any CPU = Release|Any CPU
	EndGlobalSection
	GlobalSection(ProjectConfigurationPlatforms) = postSolution
		{0512A9BB-54BA-450A-A191-5F1B18B5F51E}.Debug|Any CPU.ActiveCfg = Debug|Any CPU
		{0512A9BB-54BA-450A-A191-5F1B18B5F51E}.Debug|Any CPU.Build.0 = Debug|Any CPU
		{0512A9BB-54BA-450A-A191-5F1B18B5F51E}.Release|Any CPU.ActiveCfg = Release|Any CPU
		{0512A9BB-54BA-450A-A191-5F1B18B5F51E}.Release|Any CPU.Build.0 = Release|Any CPU
		{A7349417-B3E3-4507-83F1-E4DE9EA79D63}.Debug|Any CPU.ActiveCfg = Debug|Any CPU
		{A7349417-B3E3-4507-83F1-E4DE9EA79D63}.Debug|Any CPU.Build.0 = Debug|Any CPU
		{A7349417-B3E3-4507-83F1-E4DE9EA79D63}.Release|Any CPU.ActiveCfg = Release|Any CPU
		{A7349417-B3E3-4507-83F1-E4DE9EA79D63}.Release|Any CPU.Build.0 = Release|Any CPU
		{F04C44CB-4A7C-4853-95A8-39663365D187}.Debug|Any CPU.ActiveCfg = Debug|Any CPU
		{F04C44CB-4A7C-4853-95A8-39663365D187}.Debug|Any CPU.Build.0 = Debug|Any CPU
		{F04C44CB-4A7C-4853-95A8-39663365D187}.Release|Any CPU.ActiveCfg = Release|Any CPU
		{F04C44CB-4A7C-4853-95A8-39663365D187}.Release|Any CPU.Build.0 = Release|Any CPU
		{5CDB7812-B66C-4B05-9BD0-A0BC96D9278A}.Debug|Any CPU.ActiveCfg = Debug|Any CPU
		{5CDB7812-B66C-4B05-9BD0-A0BC96D9278A}.Debug|Any CPU.Build.0 = Debug|Any CPU
		{5CDB7812-B66C-4B05-9BD0-A0BC96D9278A}.Release|Any CPU.ActiveCfg = Release|Any CPU
		{5CDB7812-B66C-4B05-9BD0-A0BC96D9278A}.Release|Any CPU.Build.0 = Release|Any CPU
		{50EDF95E-16AE-4DDE-AE09-07CD0DCDCC9F}.Debug|Any CPU.ActiveCfg = Debug|Any CPU
		{50EDF95E-16AE-4DDE-AE09-07CD0DCDCC9F}.Debug|Any CPU.Build.0 = Debug|Any CPU
		{50EDF95E-16AE-4DDE-AE09-07CD0DCDCC9F}.Release|Any CPU.ActiveCfg = Release|Any CPU
		{50EDF95E-16AE-4DDE-AE09-07CD0DCDCC9F}.Release|Any CPU.Build.0 = Release|Any CPU
		{FD9837AA-9435-420C-A570-3AC0B96CFBB4}.Debug|Any CPU.ActiveCfg = Debug|Any CPU
		{FD9837AA-9435-420C-A570-3AC0B96CFBB4}.Debug|Any CPU.Build.0 = Debug|Any CPU
		{FD9837AA-9435-420C-A570-3AC0B96CFBB4}.Release|Any CPU.ActiveCfg = Release|Any CPU
		{FD9837AA-9435-420C-A570-3AC0B96CFBB4}.Release|Any CPU.Build.0 = Release|Any CPU
		{775228C1-B4A3-493F-893D-F004F8780044}.Debug|Any CPU.ActiveCfg = Debug|Any CPU
		{775228C1-B4A3-493F-893D-F004F8780044}.Debug|Any CPU.Build.0 = Debug|Any CPU
		{775228C1-B4A3-493F-893D-F004F8780044}.Release|Any CPU.ActiveCfg = Release|Any CPU
		{775228C1-B4A3-493F-893D-F004F8780044}.Release|Any CPU.Build.0 = Release|Any CPU
		{1DCF27A3-BBBF-4975-8A4D-A5681488D1C4}.Debug|Any CPU.ActiveCfg = Debug|Any CPU
		{1DCF27A3-BBBF-4975-8A4D-A5681488D1C4}.Debug|Any CPU.Build.0 = Debug|Any CPU
		{1DCF27A3-BBBF-4975-8A4D-A5681488D1C4}.Release|Any CPU.ActiveCfg = Release|Any CPU
		{1DCF27A3-BBBF-4975-8A4D-A5681488D1C4}.Release|Any CPU.Build.0 = Release|Any CPU
		{305D9120-6C24-406E-A75D-9505293D25ED}.Debug|Any CPU.ActiveCfg = Debug|Any CPU
		{305D9120-6C24-406E-A75D-9505293D25ED}.Debug|Any CPU.Build.0 = Debug|Any CPU
		{305D9120-6C24-406E-A75D-9505293D25ED}.Release|Any CPU.ActiveCfg = Release|Any CPU
		{305D9120-6C24-406E-A75D-9505293D25ED}.Release|Any CPU.Build.0 = Release|Any CPU
	EndGlobalSection
	GlobalSection(SolutionProperties) = preSolution
		HideSolutionNode = FALSE
	EndGlobalSection
	GlobalSection(NestedProjects) = preSolution
		{0512A9BB-54BA-450A-A191-5F1B18B5F51E} = {3C16F805-4F72-46F9-9362-BC3A37343577}
		{A7349417-B3E3-4507-83F1-E4DE9EA79D63} = {8B8EEA9D-A217-49C1-825C-3C0FF189D4BB}
		{F04C44CB-4A7C-4853-95A8-39663365D187} = {8B8EEA9D-A217-49C1-825C-3C0FF189D4BB}
		{5CDB7812-B66C-4B05-9BD0-A0BC96D9278A} = {8BA3584B-BEF2-4E2F-B15C-97BF3D056963}
		{50EDF95E-16AE-4DDE-AE09-07CD0DCDCC9F} = {6274CA67-C722-4652-ACA6-AF5303B4EFE7}
		{FD9837AA-9435-420C-A570-3AC0B96CFBB4} = {6274CA67-C722-4652-ACA6-AF5303B4EFE7}
		{775228C1-B4A3-493F-893D-F004F8780044} = {6274CA67-C722-4652-ACA6-AF5303B4EFE7}
		{1DCF27A3-BBBF-4975-8A4D-A5681488D1C4} = {8B8EEA9D-A217-49C1-825C-3C0FF189D4BB}
		{305D9120-6C24-406E-A75D-9505293D25ED} = {3C16F805-4F72-46F9-9362-BC3A37343577}
	EndGlobalSection
	GlobalSection(ExtensibilityGlobals) = postSolution
		SolutionGuid = {515CE1CE-BD6E-4A58-8699-DBE54CABBFDE}
	EndGlobalSection
EndGlobal
